
Microsoft Visual Studio Solution File, Format Version 12.00
# Visual Studio 15
VisualStudioVersion = 15.0.28307.271
MinimumVisualStudioVersion = 10.0.40219.1
Project("{FAE04EC0-301F-11D3-BF4B-00C04F79EFBC}") = "SimpleLogToFile", "SimpleLogToFile\SimpleLogToFile.csproj", "{393B95E0-AE1E-4CA6-88B9-FB825BFE3915}"
EndProject
Global
	GlobalSection(SolutionConfigurationPlatforms) = preSolution
		Debug|Any CPU = Debug|Any CPU
		Release|Any CPU = Release|Any CPU
	EndGlobalSection
	GlobalSection(ProjectConfigurationPlatforms) = postSolution
		{393B95E0-AE1E-4CA6-88B9-FB825BFE3915}.Debug|Any CPU.ActiveCfg = Debug|Any CPU
		{393B95E0-AE1E-4CA6-88B9-FB825BFE3915}.Debug|Any CPU.Build.0 = Debug|Any CPU
		{393B95E0-AE1E-4CA6-88B9-FB825BFE3915}.Release|Any CPU.ActiveCfg = Release|Any CPU
		{393B95E0-AE1E-4CA6-88B9-FB825BFE3915}.Release|Any CPU.Build.0 = Release|Any CPU
	EndGlobalSection
	GlobalSection(SolutionProperties) = preSolution
		HideSolutionNode = FALSE
	EndGlobalSection
	GlobalSection(ExtensibilityGlobals) = postSolution
		SolutionGuid = {B984C0DE-8E79-43EA-9711-06D238B0FB71}
	EndGlobalSection
EndGlobal
